
Microsoft Visual Studio Solution File, Format Version 12.00
# Visual Studio 15
VisualStudioVersion = 15.0.28010.2041
MinimumVisualStudioVersion = 10.0.40219.1
Project("{8BC9CEB8-8B4A-11D0-8D11-00A0C91BC942}") = "6-4 求自定类型元素的平均", "求自定类型元素的平均\求自定类型元素的平均.vcxproj", "{D3036846-05FC-4620-9E5D-86193D890A43}"
EndProject
Project("{8BC9CEB8-8B4A-11D0-8D11-00A0C91BC942}") = "6-5 求自定类型元素的最大值", "求自定类型元素的最大值\求自定类型元素的最大值.vcxproj", "{9F094AA8-BB64-4BFD-BAD4-CD5B5E586E5D}"
EndProject
Project("{8BC9CEB8-8B4A-11D0-8D11-00A0C91BC942}") = "6-6 求单链表结点的阶乘和", "求单链表结点的阶乘和\求单链表结点的阶乘和.vcxproj", "{DFF20C39-D044-4234-8C42-674C191C8E99}"
EndProject
Project("{8BC9CEB8-8B4A-11D0-8D11-00A0C91BC942}") = "6-7 统计某类完全平方数", "统计某类完全平方数\统计某类完全平方数.vcxproj", "{F04E542B-6FF3-43F9-A150-F57339A459B7}"
EndProject
Project("{8BC9CEB8-8B4A-11D0-8D11-00A0C91BC942}") = "6-8 简单阶乘计算", "简单阶乘计算\简单阶乘计算.vcxproj", "{2A3A21EE-CE00-4063-AD4D-8F0CEFD4A301}"
EndProject
Project("{8BC9CEB8-8B4A-11D0-8D11-00A0C91BC942}") = "6-9 统计个位数字", "统计个位数字\统计个位数字.vcxproj", "{68B3E9A3-289C-4047-A93B-19D0E9E41CA4}"
EndProject
Project("{8BC9CEB8-8B4A-11D0-8D11-00A0C91BC942}") = "6-10 阶乘计算升级版", "阶乘计算升级版\阶乘计算升级版.vcxproj", "{4AEB3883-D203-4681-91ED-7FB8B1BA3CE9}"
EndProject
Project("{8BC9CEB8-8B4A-11D0-8D11-00A0C91BC942}") = "6-12 判断奇偶性", "判断奇偶性\判断奇偶性.vcxproj", "{07D40718-B8D1-4446-BD37-038D51CE16AD}"
EndProject
Project("{8BC9CEB8-8B4A-11D0-8D11-00A0C91BC942}") = "7-1 厘米换算英尺英寸", "厘米换算英尺英寸\厘米换算英尺英寸.vcxproj", "{B3AFFD35-26D3-4695-8216-03AC5A74F6FB}"
EndProject
Project("{8BC9CEB8-8B4A-11D0-8D11-00A0C91BC942}") = "7-2 然后是几点", "然后是几点\然后是几点.vcxproj", "{7A808D7D-8260-480F-A71E-AB050443D497}"
EndProject
Project("{8BC9CEB8-8B4A-11D0-8D11-00A0C91BC942}") = "6-2 多项式求值", "多项式求值\多项式求值.vcxproj", "{5CD6C894-FB73-4E06-882B-2D10F6B976EB}"
EndProject
Project("{8BC9CEB8-8B4A-11D0-8D11-00A0C91BC942}") = "6-3 简单求和", "简单求和\简单求和.vcxproj", "{876C4BBE-0821-4C42-950E-D1410BFD3E3D}"
EndProject
Project("{8BC9CEB8-8B4A-11D0-8D11-00A0C91BC942}") = "6-13 折半查找", "折半查找\折半查找.vcxproj", "{2950DB34-440A-4736-B2E8-FD620D004AD8}"
EndProject
Project("{8BC9CEB8-8B4A-11D0-8D11-00A0C91BC942}") = "7-3 逆序的三位数", "7-3 逆序的三位数\7-3 逆序的三位数.vcxproj", "{A4E07178-9782-4DDB-8739-BB9958A77C9F}"
EndProject
Project("{8BC9CEB8-8B4A-11D0-8D11-00A0C91BC942}") = "6-11 求自定类型元素序列的中位数", "6-11 求自定类型元素序列的中位数\6-11 求自定类型元素序列的中位数.vcxproj", "{80D30C39-67AE-4A9B-A680-218F7A1E96AA}"
EndProject
Project("{8BC9CEB8-8B4A-11D0-8D11-00A0C91BC942}") = "7-4 BCD解密", "7-4 BCD解密\7-4 BCD解密.vcxproj", "{5580DE10-A3BB-4A7A-BC55-61DB4710B9D3}"
EndProject
Project("{8BC9CEB8-8B4A-11D0-8D11-00A0C91BC942}") = "7-5 表格输出", "7-5 表格输出\7-5 表格输出.vcxproj", "{4FD5FB38-DFE4-4BB1-8EAD-8802E9DACC63}"
EndProject
Project("{8BC9CEB8-8B4A-11D0-8D11-00A0C91BC942}") = "7-6 混合类型数据格式化输入", "7-6 混合类型数据格式化输入\7-6 混合类型数据格式化输入.vcxproj", "{E878B66F-6C69-4A85-8635-65BB2EB33DDA}"
EndProject
Project("{8BC9CEB8-8B4A-11D0-8D11-00A0C91BC942}") = "7-7 12-24小时制", "7-7 12-24小时制\7-7 12-24小时制.vcxproj", "{E8D3333D-28CB-46E8-A0FE-66BE89B935F7}"
EndProject
Project("{8BC9CEB8-8B4A-11D0-8D11-00A0C91BC942}") = "7-8 超速判断", "7-8 超速判断\7-8 超速判断.vcxproj", "{1B0951C6-97D1-4FC7-88C1-CDE8C71FA2A0}"
EndProject
Project("{8BC9CEB8-8B4A-11D0-8D11-00A0C91BC942}") = "7-9 用天平找小球", "7-9 用天平找小球\7-9 用天平找小球.vcxproj", "{0D50E999-EDCE-4379-8EA8-303EC6563458}"
EndProject
Project("{8BC9CEB8-8B4A-11D0-8D11-00A0C91BC942}") = "7-10 计算工资", "7-10 计算工资\7-10 计算工资.vcxproj", "{74E749CE-CABC-4DF1-A354-3EDA0209AF62}"
EndProject
Project("{8BC9CEB8-8B4A-11D0-8D11-00A0C91BC942}") = "7-11 分段计算居民水费", "7-11 分段计算居民水费\7-11 分段计算居民水费.vcxproj", "{C21D0417-641F-444A-8741-84D75AB57CA1}"
EndProject
Project("{8BC9CEB8-8B4A-11D0-8D11-00A0C91BC942}") = "7-12 两个数的简单计算器", "7-12 两个数的简单计算器\7-12 两个数的简单计算器.vcxproj", "{4B258779-4F25-4ED3-B44E-564D8B997BF1}"
EndProject
Project("{8BC9CEB8-8B4A-11D0-8D11-00A0C91BC942}") = "7-13 日K蜡烛图", "7-13 日K蜡烛图\7-13 日K蜡烛图.vcxproj", "{EB5B0D9D-9067-4C46-96C8-66F1E8AC023D}"
EndProject
Project("{8BC9CEB8-8B4A-11D0-8D11-00A0C91BC942}") = "7-14 求整数段和", "7-14 求整数段和\7-14 求整数段和.vcxproj", "{C89D40E0-E722-4A68-9854-ED66AC704A7A}"
EndProject
Project("{8BC9CEB8-8B4A-11D0-8D11-00A0C91BC942}") = "7-15 计算圆周率", "7-15 计算圆周率\7-15 计算圆周率.vcxproj", "{5283EA4E-4087-49F6-9346-916DAC0A1C6E}"
EndProject
Project("{8BC9CEB8-8B4A-11D0-8D11-00A0C91BC942}") = "7-16 求符合给定条件的整数集", "7-16 求符合给定条件的整数集\7-16 求符合给定条件的整数集.vcxproj", "{CDC9FC57-3BF0-4E9D-93D0-C94A92C08BE1}"
EndProject
Global
	GlobalSection(SolutionConfigurationPlatforms) = preSolution
		Debug|x64 = Debug|x64
		Debug|x86 = Debug|x86
		Release|x64 = Release|x64
		Release|x86 = Release|x86
	EndGlobalSection
	GlobalSection(ProjectConfigurationPlatforms) = postSolution
		{D3036846-05FC-4620-9E5D-86193D890A43}.Debug|x64.ActiveCfg = Debug|x64
		{D3036846-05FC-4620-9E5D-86193D890A43}.Debug|x64.Build.0 = Debug|x64
		{D3036846-05FC-4620-9E5D-86193D890A43}.Debug|x86.ActiveCfg = Debug|Win32
		{D3036846-05FC-4620-9E5D-86193D890A43}.Debug|x86.Build.0 = Debug|Win32
		{D3036846-05FC-4620-9E5D-86193D890A43}.Release|x64.ActiveCfg = Release|x64
		{D3036846-05FC-4620-9E5D-86193D890A43}.Release|x64.Build.0 = Release|x64
		{D3036846-05FC-4620-9E5D-86193D890A43}.Release|x86.ActiveCfg = Release|Win32
		{D3036846-05FC-4620-9E5D-86193D890A43}.Release|x86.Build.0 = Release|Win32
		{9F094AA8-BB64-4BFD-BAD4-CD5B5E586E5D}.Debug|x64.ActiveCfg = Debug|x64
		{9F094AA8-BB64-4BFD-BAD4-CD5B5E586E5D}.Debug|x64.Build.0 = Debug|x64
		{9F094AA8-BB64-4BFD-BAD4-CD5B5E586E5D}.Debug|x86.ActiveCfg = Debug|Win32
		{9F094AA8-BB64-4BFD-BAD4-CD5B5E586E5D}.Debug|x86.Build.0 = Debug|Win32
		{9F094AA8-BB64-4BFD-BAD4-CD5B5E586E5D}.Release|x64.ActiveCfg = Release|x64
		{9F094AA8-BB64-4BFD-BAD4-CD5B5E586E5D}.Release|x64.Build.0 = Release|x64
		{9F094AA8-BB64-4BFD-BAD4-CD5B5E586E5D}.Release|x86.ActiveCfg = Release|Win32
		{9F094AA8-BB64-4BFD-BAD4-CD5B5E586E5D}.Release|x86.Build.0 = Release|Win32
		{DFF20C39-D044-4234-8C42-674C191C8E99}.Debug|x64.ActiveCfg = Debug|x64
		{DFF20C39-D044-4234-8C42-674C191C8E99}.Debug|x64.Build.0 = Debug|x64
		{DFF20C39-D044-4234-8C42-674C191C8E99}.Debug|x86.ActiveCfg = Debug|Win32
		{DFF20C39-D044-4234-8C42-674C191C8E99}.Debug|x86.Build.0 = Debug|Win32
		{DFF20C39-D044-4234-8C42-674C191C8E99}.Release|x64.ActiveCfg = Release|x64
		{DFF20C39-D044-4234-8C42-674C191C8E99}.Release|x64.Build.0 = Release|x64
		{DFF20C39-D044-4234-8C42-674C191C8E99}.Release|x86.ActiveCfg = Release|Win32
		{DFF20C39-D044-4234-8C42-674C191C8E99}.Release|x86.Build.0 = Release|Win32
		{F04E542B-6FF3-43F9-A150-F57339A459B7}.Debug|x64.ActiveCfg = Debug|x64
		{F04E542B-6FF3-43F9-A150-F57339A459B7}.Debug|x64.Build.0 = Debug|x64
		{F04E542B-6FF3-43F9-A150-F57339A459B7}.Debug|x86.ActiveCfg = Debug|Win32
		{F04E542B-6FF3-43F9-A150-F57339A459B7}.Debug|x86.Build.0 = Debug|Win32
		{F04E542B-6FF3-43F9-A150-F57339A459B7}.Release|x64.ActiveCfg = Release|x64
		{F04E542B-6FF3-43F9-A150-F57339A459B7}.Release|x64.Build.0 = Release|x64
		{F04E542B-6FF3-43F9-A150-F57339A459B7}.Release|x86.ActiveCfg = Release|Win32
		{F04E542B-6FF3-43F9-A150-F57339A459B7}.Release|x86.Build.0 = Release|Win32
		{2A3A21EE-CE00-4063-AD4D-8F0CEFD4A301}.Debug|x64.ActiveCfg = Debug|x64
		{2A3A21EE-CE00-4063-AD4D-8F0CEFD4A301}.Debug|x64.Build.0 = Debug|x64
		{2A3A21EE-CE00-4063-AD4D-8F0CEFD4A301}.Debug|x86.ActiveCfg = Debug|Win32
		{2A3A21EE-CE00-4063-AD4D-8F0CEFD4A301}.Debug|x86.Build.0 = Debug|Win32
		{2A3A21EE-CE00-4063-AD4D-8F0CEFD4A301}.Release|x64.ActiveCfg = Release|x64
		{2A3A21EE-CE00-4063-AD4D-8F0CEFD4A301}.Release|x64.Build.0 = Release|x64
		{2A3A21EE-CE00-4063-AD4D-8F0CEFD4A301}.Release|x86.ActiveCfg = Release|Win32
		{2A3A21EE-CE00-4063-AD4D-8F0CEFD4A301}.Release|x86.Build.0 = Release|Win32
		{68B3E9A3-289C-4047-A93B-19D0E9E41CA4}.Debug|x64.ActiveCfg = Debug|x64
		{68B3E9A3-289C-4047-A93B-19D0E9E41CA4}.Debug|x64.Build.0 = Debug|x64
		{68B3E9A3-289C-4047-A93B-19D0E9E41CA4}.Debug|x86.ActiveCfg = Debug|Win32
		{68B3E9A3-289C-4047-A93B-19D0E9E41CA4}.Debug|x86.Build.0 = Debug|Win32
		{68B3E9A3-289C-4047-A93B-19D0E9E41CA4}.Release|x64.ActiveCfg = Release|x64
		{68B3E9A3-289C-4047-A93B-19D0E9E41CA4}.Release|x64.Build.0 = Release|x64
		{68B3E9A3-289C-4047-A93B-19D0E9E41CA4}.Release|x86.ActiveCfg = Release|Win32
		{68B3E9A3-289C-4047-A93B-19D0E9E41CA4}.Release|x86.Build.0 = Release|Win32
		{4AEB3883-D203-4681-91ED-7FB8B1BA3CE9}.Debug|x64.ActiveCfg = Debug|x64
		{4AEB3883-D203-4681-91ED-7FB8B1BA3CE9}.Debug|x64.Build.0 = Debug|x64
		{4AEB3883-D203-4681-91ED-7FB8B1BA3CE9}.Debug|x86.ActiveCfg = Debug|Win32
		{4AEB3883-D203-4681-91ED-7FB8B1BA3CE9}.Debug|x86.Build.0 = Debug|Win32
		{4AEB3883-D203-4681-91ED-7FB8B1BA3CE9}.Release|x64.ActiveCfg = Release|x64
		{4AEB3883-D203-4681-91ED-7FB8B1BA3CE9}.Release|x64.Build.0 = Release|x64
		{4AEB3883-D203-4681-91ED-7FB8B1BA3CE9}.Release|x86.ActiveCfg = Release|Win32
		{4AEB3883-D203-4681-91ED-7FB8B1BA3CE9}.Release|x86.Build.0 = Release|Win32
		{07D40718-B8D1-4446-BD37-038D51CE16AD}.Debug|x64.ActiveCfg = Debug|x64
		{07D40718-B8D1-4446-BD37-038D51CE16AD}.Debug|x64.Build.0 = Debug|x64
		{07D40718-B8D1-4446-BD37-038D51CE16AD}.Debug|x86.ActiveCfg = Debug|Win32
		{07D40718-B8D1-4446-BD37-038D51CE16AD}.Debug|x86.Build.0 = Debug|Win32
		{07D40718-B8D1-4446-BD37-038D51CE16AD}.Release|x64.ActiveCfg = Release|x64
		{07D40718-B8D1-4446-BD37-038D51CE16AD}.Release|x64.Build.0 = Release|x64
		{07D40718-B8D1-4446-BD37-038D51CE16AD}.Release|x86.ActiveCfg = Release|Win32
		{07D40718-B8D1-4446-BD37-038D51CE16AD}.Release|x86.Build.0 = Release|Win32
		{B3AFFD35-26D3-4695-8216-03AC5A74F6FB}.Debug|x64.ActiveCfg = Debug|x64
		{B3AFFD35-26D3-4695-8216-03AC5A74F6FB}.Debug|x64.Build.0 = Debug|x64
		{B3AFFD35-26D3-4695-8216-03AC5A74F6FB}.Debug|x86.ActiveCfg = Debug|Win32
		{B3AFFD35-26D3-4695-8216-03AC5A74F6FB}.Debug|x86.Build.0 = Debug|Win32
		{B3AFFD35-26D3-4695-8216-03AC5A74F6FB}.Release|x64.ActiveCfg = Release|x64
		{B3AFFD35-26D3-4695-8216-03AC5A74F6FB}.Release|x64.Build.0 = Release|x64
		{B3AFFD35-26D3-4695-8216-03AC5A74F6FB}.Release|x86.ActiveCfg = Release|Win32
		{B3AFFD35-26D3-4695-8216-03AC5A74F6FB}.Release|x86.Build.0 = Release|Win32
		{7A808D7D-8260-480F-A71E-AB050443D497}.Debug|x64.ActiveCfg = Debug|x64
		{7A808D7D-8260-480F-A71E-AB050443D497}.Debug|x64.Build.0 = Debug|x64
		{7A808D7D-8260-480F-A71E-AB050443D497}.Debug|x86.ActiveCfg = Debug|Win32
		{7A808D7D-8260-480F-A71E-AB050443D497}.Debug|x86.Build.0 = Debug|Win32
		{7A808D7D-8260-480F-A71E-AB050443D497}.Release|x64.ActiveCfg = Release|x64
		{7A808D7D-8260-480F-A71E-AB050443D497}.Release|x64.Build.0 = Release|x64
		{7A808D7D-8260-480F-A71E-AB050443D497}.Release|x86.ActiveCfg = Release|Win32
		{7A808D7D-8260-480F-A71E-AB050443D497}.Release|x86.Build.0 = Release|Win32
		{5CD6C894-FB73-4E06-882B-2D10F6B976EB}.Debug|x64.ActiveCfg = Debug|x64
		{5CD6C894-FB73-4E06-882B-2D10F6B976EB}.Debug|x64.Build.0 = Debug|x64
		{5CD6C894-FB73-4E06-882B-2D10F6B976EB}.Debug|x86.ActiveCfg = Debug|Win32
		{5CD6C894-FB73-4E06-882B-2D10F6B976EB}.Debug|x86.Build.0 = Debug|Win32
		{5CD6C894-FB73-4E06-882B-2D10F6B976EB}.Release|x64.ActiveCfg = Release|x64
		{5CD6C894-FB73-4E06-882B-2D10F6B976EB}.Release|x64.Build.0 = Release|x64
		{5CD6C894-FB73-4E06-882B-2D10F6B976EB}.Release|x86.ActiveCfg = Release|Win32
		{5CD6C894-FB73-4E06-882B-2D10F6B976EB}.Release|x86.Build.0 = Release|Win32
		{876C4BBE-0821-4C42-950E-D1410BFD3E3D}.Debug|x64.ActiveCfg = Debug|x64
		{876C4BBE-0821-4C42-950E-D1410BFD3E3D}.Debug|x64.Build.0 = Debug|x64
		{876C4BBE-0821-4C42-950E-D1410BFD3E3D}.Debug|x86.ActiveCfg = Debug|Win32
		{876C4BBE-0821-4C42-950E-D1410BFD3E3D}.Debug|x86.Build.0 = Debug|Win32
		{876C4BBE-0821-4C42-950E-D1410BFD3E3D}.Release|x64.ActiveCfg = Release|x64
		{876C4BBE-0821-4C42-950E-D1410BFD3E3D}.Release|x64.Build.0 = Release|x64
		{876C4BBE-0821-4C42-950E-D1410BFD3E3D}.Release|x86.ActiveCfg = Release|Win32
		{876C4BBE-0821-4C42-950E-D1410BFD3E3D}.Release|x86.Build.0 = Release|Win32
		{2950DB34-440A-4736-B2E8-FD620D004AD8}.Debug|x64.ActiveCfg = Debug|x64
		{2950DB34-440A-4736-B2E8-FD620D004AD8}.Debug|x64.Build.0 = Debug|x64
		{2950DB34-440A-4736-B2E8-FD620D004AD8}.Debug|x86.ActiveCfg = Debug|Win32
		{2950DB34-440A-4736-B2E8-FD620D004AD8}.Debug|x86.Build.0 = Debug|Win32
		{2950DB34-440A-4736-B2E8-FD620D004AD8}.Release|x64.ActiveCfg = Release|x64
		{2950DB34-440A-4736-B2E8-FD620D004AD8}.Release|x64.Build.0 = Release|x64
		{2950DB34-440A-4736-B2E8-FD620D004AD8}.Release|x86.ActiveCfg = Release|Win32
		{2950DB34-440A-4736-B2E8-FD620D004AD8}.Release|x86.Build.0 = Release|Win32
		{A4E07178-9782-4DDB-8739-BB9958A77C9F}.Debug|x64.ActiveCfg = Debug|x64
		{A4E07178-9782-4DDB-8739-BB9958A77C9F}.Debug|x64.Build.0 = Debug|x64
		{A4E07178-9782-4DDB-8739-BB9958A77C9F}.Debug|x86.ActiveCfg = Debug|Win32
		{A4E07178-9782-4DDB-8739-BB9958A77C9F}.Debug|x86.Build.0 = Debug|Win32
		{A4E07178-9782-4DDB-8739-BB9958A77C9F}.Release|x64.ActiveCfg = Release|x64
		{A4E07178-9782-4DDB-8739-BB9958A77C9F}.Release|x64.Build.0 = Release|x64
		{A4E07178-9782-4DDB-8739-BB9958A77C9F}.Release|x86.ActiveCfg = Release|Win32
		{A4E07178-9782-4DDB-8739-BB9958A77C9F}.Release|x86.Build.0 = Release|Win32
		{80D30C39-67AE-4A9B-A680-218F7A1E96AA}.Debug|x64.ActiveCfg = Debug|x64
		{80D30C39-67AE-4A9B-A680-218F7A1E96AA}.Debug|x64.Build.0 = Debug|x64
		{80D30C39-67AE-4A9B-A680-218F7A1E96AA}.Debug|x86.ActiveCfg = Debug|Win32
		{80D30C39-67AE-4A9B-A680-218F7A1E96AA}.Debug|x86.Build.0 = Debug|Win32
		{80D30C39-67AE-4A9B-A680-218F7A1E96AA}.Release|x64.ActiveCfg = Release|x64
		{80D30C39-67AE-4A9B-A680-218F7A1E96AA}.Release|x64.Build.0 = Release|x64
		{80D30C39-67AE-4A9B-A680-218F7A1E96AA}.Release|x86.ActiveCfg = Release|Win32
		{80D30C39-67AE-4A9B-A680-218F7A1E96AA}.Release|x86.Build.0 = Release|Win32
		{5580DE10-A3BB-4A7A-BC55-61DB4710B9D3}.Debug|x64.ActiveCfg = Debug|x64
		{5580DE10-A3BB-4A7A-BC55-61DB4710B9D3}.Debug|x64.Build.0 = Debug|x64
		{5580DE10-A3BB-4A7A-BC55-61DB4710B9D3}.Debug|x86.ActiveCfg = Debug|Win32
		{5580DE10-A3BB-4A7A-BC55-61DB4710B9D3}.Debug|x86.Build.0 = Debug|Win32
		{5580DE10-A3BB-4A7A-BC55-61DB4710B9D3}.Release|x64.ActiveCfg = Release|x64
		{5580DE10-A3BB-4A7A-BC55-61DB4710B9D3}.Release|x64.Build.0 = Release|x64
		{5580DE10-A3BB-4A7A-BC55-61DB4710B9D3}.Release|x86.ActiveCfg = Release|Win32
		{5580DE10-A3BB-4A7A-BC55-61DB4710B9D3}.Release|x86.Build.0 = Release|Win32
		{4FD5FB38-DFE4-4BB1-8EAD-8802E9DACC63}.Debug|x64.ActiveCfg = Debug|x64
		{4FD5FB38-DFE4-4BB1-8EAD-8802E9DACC63}.Debug|x64.Build.0 = Debug|x64
		{4FD5FB38-DFE4-4BB1-8EAD-8802E9DACC63}.Debug|x86.ActiveCfg = Debug|Win32
		{4FD5FB38-DFE4-4BB1-8EAD-8802E9DACC63}.Debug|x86.Build.0 = Debug|Win32
		{4FD5FB38-DFE4-4BB1-8EAD-8802E9DACC63}.Release|x64.ActiveCfg = Release|x64
		{4FD5FB38-DFE4-4BB1-8EAD-8802E9DACC63}.Release|x64.Build.0 = Release|x64
		{4FD5FB38-DFE4-4BB1-8EAD-8802E9DACC63}.Release|x86.ActiveCfg = Release|Win32
		{4FD5FB38-DFE4-4BB1-8EAD-8802E9DACC63}.Release|x86.Build.0 = Release|Win32
		{E878B66F-6C69-4A85-8635-65BB2EB33DDA}.Debug|x64.ActiveCfg = Debug|x64
		{E878B66F-6C69-4A85-8635-65BB2EB33DDA}.Debug|x64.Build.0 = Debug|x64
		{E878B66F-6C69-4A85-8635-65BB2EB33DDA}.Debug|x86.ActiveCfg = Debug|Win32
		{E878B66F-6C69-4A85-8635-65BB2EB33DDA}.Debug|x86.Build.0 = Debug|Win32
		{E878B66F-6C69-4A85-8635-65BB2EB33DDA}.Release|x64.ActiveCfg = Release|x64
		{E878B66F-6C69-4A85-8635-65BB2EB33DDA}.Release|x64.Build.0 = Release|x64
		{E878B66F-6C69-4A85-8635-65BB2EB33DDA}.Release|x86.ActiveCfg = Release|Win32
		{E878B66F-6C69-4A85-8635-65BB2EB33DDA}.Release|x86.Build.0 = Release|Win32
		{E8D3333D-28CB-46E8-A0FE-66BE89B935F7}.Debug|x64.ActiveCfg = Debug|x64
		{E8D3333D-28CB-46E8-A0FE-66BE89B935F7}.Debug|x64.Build.0 = Debug|x64
		{E8D3333D-28CB-46E8-A0FE-66BE89B935F7}.Debug|x86.ActiveCfg = Debug|Win32
		{E8D3333D-28CB-46E8-A0FE-66BE89B935F7}.Debug|x86.Build.0 = Debug|Win32
		{E8D3333D-28CB-46E8-A0FE-66BE89B935F7}.Release|x64.ActiveCfg = Release|x64
		{E8D3333D-28CB-46E8-A0FE-66BE89B935F7}.Release|x64.Build.0 = Release|x64
		{E8D3333D-28CB-46E8-A0FE-66BE89B935F7}.Release|x86.ActiveCfg = Release|Win32
		{E8D3333D-28CB-46E8-A0FE-66BE89B935F7}.Release|x86.Build.0 = Release|Win32
		{1B0951C6-97D1-4FC7-88C1-CDE8C71FA2A0}.Debug|x64.ActiveCfg = Debug|x64
		{1B0951C6-97D1-4FC7-88C1-CDE8C71FA2A0}.Debug|x64.Build.0 = Debug|x64
		{1B0951C6-97D1-4FC7-88C1-CDE8C71FA2A0}.Debug|x86.ActiveCfg = Debug|Win32
		{1B0951C6-97D1-4FC7-88C1-CDE8C71FA2A0}.Debug|x86.Build.0 = Debug|Win32
		{1B0951C6-97D1-4FC7-88C1-CDE8C71FA2A0}.Release|x64.ActiveCfg = Release|x64
		{1B0951C6-97D1-4FC7-88C1-CDE8C71FA2A0}.Release|x64.Build.0 = Release|x64
		{1B0951C6-97D1-4FC7-88C1-CDE8C71FA2A0}.Release|x86.ActiveCfg = Release|Win32
		{1B0951C6-97D1-4FC7-88C1-CDE8C71FA2A0}.Release|x86.Build.0 = Release|Win32
		{0D50E999-EDCE-4379-8EA8-303EC6563458}.Debug|x64.ActiveCfg = Debug|x64
		{0D50E999-EDCE-4379-8EA8-303EC6563458}.Debug|x64.Build.0 = Debug|x64
		{0D50E999-EDCE-4379-8EA8-303EC6563458}.Debug|x86.ActiveCfg = Debug|Win32
		{0D50E999-EDCE-4379-8EA8-303EC6563458}.Debug|x86.Build.0 = Debug|Win32
		{0D50E999-EDCE-4379-8EA8-303EC6563458}.Release|x64.ActiveCfg = Release|x64
		{0D50E999-EDCE-4379-8EA8-303EC6563458}.Release|x64.Build.0 = Release|x64
		{0D50E999-EDCE-4379-8EA8-303EC6563458}.Release|x86.ActiveCfg = Release|Win32
		{0D50E999-EDCE-4379-8EA8-303EC6563458}.Release|x86.Build.0 = Release|Win32
		{74E749CE-CABC-4DF1-A354-3EDA0209AF62}.Debug|x64.ActiveCfg = Debug|x64
		{74E749CE-CABC-4DF1-A354-3EDA0209AF62}.Debug|x64.Build.0 = Debug|x64
		{74E749CE-CABC-4DF1-A354-3EDA0209AF62}.Debug|x86.ActiveCfg = Debug|Win32
		{74E749CE-CABC-4DF1-A354-3EDA0209AF62}.Debug|x86.Build.0 = Debug|Win32
		{74E749CE-CABC-4DF1-A354-3EDA0209AF62}.Release|x64.ActiveCfg = Release|x64
		{74E749CE-CABC-4DF1-A354-3EDA0209AF62}.Release|x64.Build.0 = Release|x64
		{74E749CE-CABC-4DF1-A354-3EDA0209AF62}.Release|x86.ActiveCfg = Release|Win32
		{74E749CE-CABC-4DF1-A354-3EDA0209AF62}.Release|x86.Build.0 = Release|Win32
		{C21D0417-641F-444A-8741-84D75AB57CA1}.Debug|x64.ActiveCfg = Debug|x64
		{C21D0417-641F-444A-8741-84D75AB57CA1}.Debug|x64.Build.0 = Debug|x64
		{C21D0417-641F-444A-8741-84D75AB57CA1}.Debug|x86.ActiveCfg = Debug|Win32
		{C21D0417-641F-444A-8741-84D75AB57CA1}.Debug|x86.Build.0 = Debug|Win32
		{C21D0417-641F-444A-8741-84D75AB57CA1}.Release|x64.ActiveCfg = Release|x64
		{C21D0417-641F-444A-8741-84D75AB57CA1}.Release|x64.Build.0 = Release|x64
		{C21D0417-641F-444A-8741-84D75AB57CA1}.Release|x86.ActiveCfg = Release|Win32
		{C21D0417-641F-444A-8741-84D75AB57CA1}.Release|x86.Build.0 = Release|Win32
		{4B258779-4F25-4ED3-B44E-564D8B997BF1}.Debug|x64.ActiveCfg = Debug|x64
		{4B258779-4F25-4ED3-B44E-564D8B997BF1}.Debug|x64.Build.0 = Debug|x64
		{4B258779-4F25-4ED3-B44E-564D8B997BF1}.Debug|x86.ActiveCfg = Debug|Win32
		{4B258779-4F25-4ED3-B44E-564D8B997BF1}.Debug|x86.Build.0 = Debug|Win32
		{4B258779-4F25-4ED3-B44E-564D8B997BF1}.Release|x64.ActiveCfg = Release|x64
		{4B258779-4F25-4ED3-B44E-564D8B997BF1}.Release|x64.Build.0 = Release|x64
		{4B258779-4F25-4ED3-B44E-564D8B997BF1}.Release|x86.ActiveCfg = Release|Win32
		{4B258779-4F25-4ED3-B44E-564D8B997BF1}.Release|x86.Build.0 = Release|Win32
		{EB5B0D9D-9067-4C46-96C8-66F1E8AC023D}.Debug|x64.ActiveCfg = Debug|x64
		{EB5B0D9D-9067-4C46-96C8-66F1E8AC023D}.Debug|x64.Build.0 = Debug|x64
		{EB5B0D9D-9067-4C46-96C8-66F1E8AC023D}.Debug|x86.ActiveCfg = Debug|Win32
		{EB5B0D9D-9067-4C46-96C8-66F1E8AC023D}.Debug|x86.Build.0 = Debug|Win32
		{EB5B0D9D-9067-4C46-96C8-66F1E8AC023D}.Release|x64.ActiveCfg = Release|x64
		{EB5B0D9D-9067-4C46-96C8-66F1E8AC023D}.Release|x64.Build.0 = Release|x64
		{EB5B0D9D-9067-4C46-96C8-66F1E8AC023D}.Release|x86.ActiveCfg = Release|Win32
		{EB5B0D9D-9067-4C46-96C8-66F1E8AC023D}.Release|x86.Build.0 = Release|Win32
		{C89D40E0-E722-4A68-9854-ED66AC704A7A}.Debug|x64.ActiveCfg = Debug|x64
		{C89D40E0-E722-4A68-9854-ED66AC704A7A}.Debug|x64.Build.0 = Debug|x64
		{C89D40E0-E722-4A68-9854-ED66AC704A7A}.Debug|x86.ActiveCfg = Debug|Win32
		{C89D40E0-E722-4A68-9854-ED66AC704A7A}.Debug|x86.Build.0 = Debug|Win32
		{C89D40E0-E722-4A68-9854-ED66AC704A7A}.Release|x64.ActiveCfg = Release|x64
		{C89D40E0-E722-4A68-9854-ED66AC704A7A}.Release|x64.Build.0 = Release|x64
		{C89D40E0-E722-4A68-9854-ED66AC704A7A}.Release|x86.ActiveCfg = Release|Win32
		{C89D40E0-E722-4A68-9854-ED66AC704A7A}.Release|x86.Build.0 = Release|Win32
		{5283EA4E-4087-49F6-9346-916DAC0A1C6E}.Debug|x64.ActiveCfg = Debug|x64
		{5283EA4E-4087-49F6-9346-916DAC0A1C6E}.Debug|x64.Build.0 = Debug|x64
		{5283EA4E-4087-49F6-9346-916DAC0A1C6E}.Debug|x86.ActiveCfg = Debug|Win32
		{5283EA4E-4087-49F6-9346-916DAC0A1C6E}.Debug|x86.Build.0 = Debug|Win32
		{5283EA4E-4087-49F6-9346-916DAC0A1C6E}.Release|x64.ActiveCfg = Release|x64
		{5283EA4E-4087-49F6-9346-916DAC0A1C6E}.Release|x64.Build.0 = Release|x64
		{5283EA4E-4087-49F6-9346-916DAC0A1C6E}.Release|x86.ActiveCfg = Release|Win32
		{5283EA4E-4087-49F6-9346-916DAC0A1C6E}.Release|x86.Build.0 = Release|Win32
		{CDC9FC57-3BF0-4E9D-93D0-C94A92C08BE1}.Debug|x64.ActiveCfg = Debug|x64
		{CDC9FC57-3BF0-4E9D-93D0-C94A92C08BE1}.Debug|x64.Build.0 = Debug|x64
		{CDC9FC57-3BF0-4E9D-93D0-C94A92C08BE1}.Debug|x86.ActiveCfg = Debug|Win32
		{CDC9FC57-3BF0-4E9D-93D0-C94A92C08BE1}.Debug|x86.Build.0 = Debug|Win32
		{CDC9FC57-3BF0-4E9D-93D0-C94A92C08BE1}.Release|x64.ActiveCfg = Release|x64
		{CDC9FC57-3BF0-4E9D-93D0-C94A92C08BE1}.Release|x64.Build.0 = Release|x64
		{CDC9FC57-3BF0-4E9D-93D0-C94A92C08BE1}.Release|x86.ActiveCfg = Release|Win32
		{CDC9FC57-3BF0-4E9D-93D0-C94A92C08BE1}.Release|x86.Build.0 = Release|Win32
	EndGlobalSection
	GlobalSection(SolutionProperties) = preSolution
		HideSolutionNode = FALSE
	EndGlobalSection
	GlobalSection(ExtensibilityGlobals) = postSolution
		SolutionGuid = {0A4FC9D8-DFB3-462A-8918-919111CE0425}
	EndGlobalSection
EndGlobal
